apiVersion: vendir.k14s.io/v1alpha1
directories:
- contents:
  - git:
      commitTitle: 'fix: make integration and bats test scripts executable'
      sha: 221be356913c9b3fd2794abf43ab97a200167f0a
    path: .
  path: ../.github/workflows/vendor
- contents:
  - git:
      commitTitle: 'fix: make integration and bats test scripts executable'
      sha: 221be356913c9b3fd2794abf43ab97a200167f0a
    path: .
  path: vendor
kind: LockConfig
