apiVersion: vendir.k14s.io/v1alpha1
directories:
- contents:
  - git:
      commitTitle: 'Merge pull request #4 from GaloyMoney/feat--nix-test...'
      sha: 0ccad0fb310f61a8df733957ff907f57e6142d1c
    path: .
  path: ../.github/workflows/vendor
- contents:
  - git:
      commitTitle: 'Merge pull request #4 from GaloyMoney/feat--nix-test...'
      sha: 0ccad0fb310f61a8df733957ff907f57e6142d1c
    path: .
  path: vendor
kind: LockConfig
