apiVersion: vendir.k14s.io/v1alpha1
directories:
- contents:
  - git:
      commitTitle: 'refactor: script and job naming'
      sha: 9b10794e73f3f0c016c63621363ef82af19cf984
    path: .
  path: ../.github/workflows/vendor
- contents:
  - git:
      commitTitle: 'refactor: script and job naming'
      sha: 9b10794e73f3f0c016c63621363ef82af19cf984
    path: .
  path: vendor
kind: LockConfig
